
Microsoft Visual Studio Solution File, Format Version 12.00
# Visual Studio Version 16
VisualStudioVersion = 16.0.30907.101
MinimumVisualStudioVersion = 10.0.40219.1
Project("{FAE04EC0-301F-11D3-BF4B-00C04F79EFBC}") = "EjemploProyectoVacio", "EjemploProyectoVacio\EjemploProyectoVacio.csproj", "{857DFDC3-A275-41B7-A968-CBC7667AA03C}"
EndProject
Global
	GlobalSection(SolutionConfigurationPlatforms) = preSolution
		Debug|Any CPU = Debug|Any CPU
		Release|Any CPU = Release|Any CPU
	EndGlobalSection
	GlobalSection(ProjectConfigurationPlatforms) = postSolution
		{857DFDC3-A275-41B7-A968-CBC7667AA03C}.Debug|Any CPU.ActiveCfg = Debug|Any CPU
		{857DFDC3-A275-41B7-A968-CBC7667AA03C}.Debug|Any CPU.Build.0 = Debug|Any CPU
		{857DFDC3-A275-41B7-A968-CBC7667AA03C}.Release|Any CPU.ActiveCfg = Release|Any CPU
		{857DFDC3-A275-41B7-A968-CBC7667AA03C}.Release|Any CPU.Build.0 = Release|Any CPU
	EndGlobalSection
	GlobalSection(SolutionProperties) = preSolution
		HideSolutionNode = FALSE
	EndGlobalSection
	GlobalSection(ExtensibilityGlobals) = postSolution
		SolutionGuid = {BB415CD5-6AA4-403F-A417-239EDFD9BF5B}
	EndGlobalSection
EndGlobal
