
Microsoft Visual Studio Solution File, Format Version 12.00
# Visual Studio Version 16
VisualStudioVersion = 16.0.32228.343
MinimumVisualStudioVersion = 10.0.40219.1
Project("{9A19103F-16F7-4668-BE54-9A1E7A4F7556}") = "API Ress ASP.Net Core", "API Ress ASP.Net Core\API Ress ASP.Net Core.csproj", "{36288A74-F047-4B55-B205-1A2630201C79}"
EndProject
Project("{FAE04EC0-301F-11D3-BF4B-00C04F79EFBC}") = "Reglas Negocio", "Reglas Negocio\Reglas Negocio.csproj", "{08FF8577-A357-427E-BA75-69EAF62768D2}"
EndProject
Project("{FAE04EC0-301F-11D3-BF4B-00C04F79EFBC}") = "Datos Negocio", "Datos Negocio\Datos Negocio.csproj", "{69CDB53B-9164-407E-83C7-503219636FBD}"
EndProject
Project("{FAE04EC0-301F-11D3-BF4B-00C04F79EFBC}") = "Entidades Negocio", "Entidades Negocio\Entidades Negocio.csproj", "{BCCCC990-E2E0-4689-9C90-18AEF881EB14}"
EndProject
Global
	GlobalSection(SolutionConfigurationPlatforms) = preSolution
		Debug|Any CPU = Debug|Any CPU
		Release|Any CPU = Release|Any CPU
	EndGlobalSection
	GlobalSection(ProjectConfigurationPlatforms) = postSolution
		{36288A74-F047-4B55-B205-1A2630201C79}.Debug|Any CPU.ActiveCfg = Debug|Any CPU
		{36288A74-F047-4B55-B205-1A2630201C79}.Debug|Any CPU.Build.0 = Debug|Any CPU
		{36288A74-F047-4B55-B205-1A2630201C79}.Release|Any CPU.ActiveCfg = Release|Any CPU
		{36288A74-F047-4B55-B205-1A2630201C79}.Release|Any CPU.Build.0 = Release|Any CPU
		{08FF8577-A357-427E-BA75-69EAF62768D2}.Debug|Any CPU.ActiveCfg = Debug|Any CPU
		{08FF8577-A357-427E-BA75-69EAF62768D2}.Debug|Any CPU.Build.0 = Debug|Any CPU
		{08FF8577-A357-427E-BA75-69EAF62768D2}.Release|Any CPU.ActiveCfg = Release|Any CPU
		{08FF8577-A357-427E-BA75-69EAF62768D2}.Release|Any CPU.Build.0 = Release|Any CPU
		{69CDB53B-9164-407E-83C7-503219636FBD}.Debug|Any CPU.ActiveCfg = Debug|Any CPU
		{69CDB53B-9164-407E-83C7-503219636FBD}.Debug|Any CPU.Build.0 = Debug|Any CPU
		{69CDB53B-9164-407E-83C7-503219636FBD}.Release|Any CPU.ActiveCfg = Release|Any CPU
		{69CDB53B-9164-407E-83C7-503219636FBD}.Release|Any CPU.Build.0 = Release|Any CPU
		{BCCCC990-E2E0-4689-9C90-18AEF881EB14}.Debug|Any CPU.ActiveCfg = Debug|Any CPU
		{BCCCC990-E2E0-4689-9C90-18AEF881EB14}.Debug|Any CPU.Build.0 = Debug|Any CPU
		{BCCCC990-E2E0-4689-9C90-18AEF881EB14}.Release|Any CPU.ActiveCfg = Release|Any CPU
		{BCCCC990-E2E0-4689-9C90-18AEF881EB14}.Release|Any CPU.Build.0 = Release|Any CPU
	EndGlobalSection
	GlobalSection(SolutionProperties) = preSolution
		HideSolutionNode = FALSE
	EndGlobalSection
	GlobalSection(ExtensibilityGlobals) = postSolution
		SolutionGuid = {27BFACFA-9103-4515-A8A1-4BFA0BB2B90B}
	EndGlobalSection
EndGlobal
